
Microsoft Visual Studio Solution File, Format Version 12.00
# Visual Studio Version 16
VisualStudioVersion = 16.0.30114.105
MinimumVisualStudioVersion = 10.0.40219.1
Project("{2150E333-8FDC-42A3-9474-1A3956D46DE8}") = "src", "src", "{06DD99FF-BA59-48A2-AA58-E9E226E82BEB}"
EndProject
Project("{FAE04EC0-301F-11D3-BF4B-00C04F79EFBC}") = "Contas.API", "src\Contas.API\Contas.API.csproj", "{CB0C7763-D91A-4CC3-A4EE-339F3B7E93B8}"
EndProject
Project("{FAE04EC0-301F-11D3-BF4B-00C04F79EFBC}") = "Contas.Commands", "src\Contas.Commands\Contas.Commands.csproj", "{C066A2E8-FCEF-411A-94F2-65BF44CE30D2}"
EndProject
Project("{FAE04EC0-301F-11D3-BF4B-00C04F79EFBC}") = "Contas.Commands.Abstractions", "src\Contas.Commands.Abstractions\Contas.Commands.Abstractions.csproj", "{1D47F703-57C9-4B97-B5BC-D42333D8ECFE}"
EndProject
Project("{FAE04EC0-301F-11D3-BF4B-00C04F79EFBC}") = "Contas.Domain", "src\Contas.Domain\Contas.Domain.csproj", "{29AB2B43-295F-4D13-B6FF-39DD8B69B73D}"
EndProject
Project("{FAE04EC0-301F-11D3-BF4B-00C04F79EFBC}") = "Contas.DomainServices", "src\Contas.DomainServices\Contas.DomainServices.csproj", "{50166919-35DB-4343-B2F5-3505035A78C2}"
EndProject
Project("{FAE04EC0-301F-11D3-BF4B-00C04F79EFBC}") = "Contas.DomainServices.Abstractions", "src\Contas.DomainServices.Abstractions\Contas.DomainServices.Abstractions.csproj", "{83DF6224-0694-4A6B-A6EF-BABD7A8ADBA4}"
EndProject
Project("{FAE04EC0-301F-11D3-BF4B-00C04F79EFBC}") = "Contas.Events", "src\Contas.Events\Contas.Events.csproj", "{4FB062C4-34F9-4FD1-B95F-2B2CF961B811}"
EndProject
Project("{FAE04EC0-301F-11D3-BF4B-00C04F79EFBC}") = "Contas.Events.Abstractions", "src\Contas.Events.Abstractions\Contas.Events.Abstractions.csproj", "{54EE9615-1405-4251-B904-ECCD3A585374}"
EndProject
Project("{FAE04EC0-301F-11D3-BF4B-00C04F79EFBC}") = "Contas.Queries.Abstractions", "src\Contas.Queries.Abstractions\Contas.Queries.Abstractions.csproj", "{805AC486-ADDD-4340-80F2-7ABC84806C4A}"
EndProject
Project("{FAE04EC0-301F-11D3-BF4B-00C04F79EFBC}") = "Contas.Queries", "src\Contas.Queries\Contas.Queries.csproj", "{5966FA5D-180B-4BDD-AECC-C9509C3ABED6}"
EndProject
Project("{FAE04EC0-301F-11D3-BF4B-00C04F79EFBC}") = "Contas.Infra.Repositories", "src\Contas.Infra.Repositories\Contas.Infra.Repositories.csproj", "{90A4E1FC-38E6-480D-9282-0C40F02A1A1D}"
EndProject
Project("{2150E333-8FDC-42A3-9474-1A3956D46DE8}") = "tests", "tests", "{43585DA7-86B9-442B-8CC1-2EA6BC91D658}"
EndProject
Project("{FAE04EC0-301F-11D3-BF4B-00C04F79EFBC}") = "Contas.UnitTests", "tests\Contas.UnitTests\Contas.UnitTests.csproj", "{D0B4262A-7B93-4F34-A457-054688AA30A6}"
EndProject
Project("{FAE04EC0-301F-11D3-BF4B-00C04F79EFBC}") = "Contas.IntegrationTests", "tests\Contas.IntegrationTests\Contas.IntegrationTests.csproj", "{F355A115-D6B5-404F-96F7-FE15FD188DAD}"
EndProject
Project("{FAE04EC0-301F-11D3-BF4B-00C04F79EFBC}") = "Contas.Infra.Repositories.Abstractions", "src\Contas.Infra.Repositories.Abstractions\Contas.Infra.Repositories.Abstractions.csproj", "{8E717B48-164C-4CFC-80BD-38D02FD55EB1}"
EndProject
Global
	GlobalSection(SolutionConfigurationPlatforms) = preSolution
		Debug|Any CPU = Debug|Any CPU
		Debug|x64 = Debug|x64
		Debug|x86 = Debug|x86
		Release|Any CPU = Release|Any CPU
		Release|x64 = Release|x64
		Release|x86 = Release|x86
	EndGlobalSection
	GlobalSection(SolutionProperties) = preSolution
		HideSolutionNode = FALSE
	EndGlobalSection
	GlobalSection(ProjectConfigurationPlatforms) = postSolution
		{CB0C7763-D91A-4CC3-A4EE-339F3B7E93B8}.Debug|Any CPU.ActiveCfg = Debug|Any CPU
		{CB0C7763-D91A-4CC3-A4EE-339F3B7E93B8}.Debug|Any CPU.Build.0 = Debug|Any CPU
		{CB0C7763-D91A-4CC3-A4EE-339F3B7E93B8}.Debug|x64.ActiveCfg = Debug|Any CPU
		{CB0C7763-D91A-4CC3-A4EE-339F3B7E93B8}.Debug|x64.Build.0 = Debug|Any CPU
		{CB0C7763-D91A-4CC3-A4EE-339F3B7E93B8}.Debug|x86.ActiveCfg = Debug|Any CPU
		{CB0C7763-D91A-4CC3-A4EE-339F3B7E93B8}.Debug|x86.Build.0 = Debug|Any CPU
		{CB0C7763-D91A-4CC3-A4EE-339F3B7E93B8}.Release|Any CPU.ActiveCfg = Release|Any CPU
		{CB0C7763-D91A-4CC3-A4EE-339F3B7E93B8}.Release|Any CPU.Build.0 = Release|Any CPU
		{CB0C7763-D91A-4CC3-A4EE-339F3B7E93B8}.Release|x64.ActiveCfg = Release|Any CPU
		{CB0C7763-D91A-4CC3-A4EE-339F3B7E93B8}.Release|x64.Build.0 = Release|Any CPU
		{CB0C7763-D91A-4CC3-A4EE-339F3B7E93B8}.Release|x86.ActiveCfg = Release|Any CPU
		{CB0C7763-D91A-4CC3-A4EE-339F3B7E93B8}.Release|x86.Build.0 = Release|Any CPU
		{C066A2E8-FCEF-411A-94F2-65BF44CE30D2}.Debug|Any CPU.ActiveCfg = Debug|Any CPU
		{C066A2E8-FCEF-411A-94F2-65BF44CE30D2}.Debug|Any CPU.Build.0 = Debug|Any CPU
		{C066A2E8-FCEF-411A-94F2-65BF44CE30D2}.Debug|x64.ActiveCfg = Debug|Any CPU
		{C066A2E8-FCEF-411A-94F2-65BF44CE30D2}.Debug|x64.Build.0 = Debug|Any CPU
		{C066A2E8-FCEF-411A-94F2-65BF44CE30D2}.Debug|x86.ActiveCfg = Debug|Any CPU
		{C066A2E8-FCEF-411A-94F2-65BF44CE30D2}.Debug|x86.Build.0 = Debug|Any CPU
		{C066A2E8-FCEF-411A-94F2-65BF44CE30D2}.Release|Any CPU.ActiveCfg = Release|Any CPU
		{C066A2E8-FCEF-411A-94F2-65BF44CE30D2}.Release|Any CPU.Build.0 = Release|Any CPU
		{C066A2E8-FCEF-411A-94F2-65BF44CE30D2}.Release|x64.ActiveCfg = Release|Any CPU
		{C066A2E8-FCEF-411A-94F2-65BF44CE30D2}.Release|x64.Build.0 = Release|Any CPU
		{C066A2E8-FCEF-411A-94F2-65BF44CE30D2}.Release|x86.ActiveCfg = Release|Any CPU
		{C066A2E8-FCEF-411A-94F2-65BF44CE30D2}.Release|x86.Build.0 = Release|Any CPU
		{1D47F703-57C9-4B97-B5BC-D42333D8ECFE}.Debug|Any CPU.ActiveCfg = Debug|Any CPU
		{1D47F703-57C9-4B97-B5BC-D42333D8ECFE}.Debug|Any CPU.Build.0 = Debug|Any CPU
		{1D47F703-57C9-4B97-B5BC-D42333D8ECFE}.Debug|x64.ActiveCfg = Debug|Any CPU
		{1D47F703-57C9-4B97-B5BC-D42333D8ECFE}.Debug|x64.Build.0 = Debug|Any CPU
		{1D47F703-57C9-4B97-B5BC-D42333D8ECFE}.Debug|x86.ActiveCfg = Debug|Any CPU
		{1D47F703-57C9-4B97-B5BC-D42333D8ECFE}.Debug|x86.Build.0 = Debug|Any CPU
		{1D47F703-57C9-4B97-B5BC-D42333D8ECFE}.Release|Any CPU.ActiveCfg = Release|Any CPU
		{1D47F703-57C9-4B97-B5BC-D42333D8ECFE}.Release|Any CPU.Build.0 = Release|Any CPU
		{1D47F703-57C9-4B97-B5BC-D42333D8ECFE}.Release|x64.ActiveCfg = Release|Any CPU
		{1D47F703-57C9-4B97-B5BC-D42333D8ECFE}.Release|x64.Build.0 = Release|Any CPU
		{1D47F703-57C9-4B97-B5BC-D42333D8ECFE}.Release|x86.ActiveCfg = Release|Any CPU
		{1D47F703-57C9-4B97-B5BC-D42333D8ECFE}.Release|x86.Build.0 = Release|Any CPU
		{29AB2B43-295F-4D13-B6FF-39DD8B69B73D}.Debug|Any CPU.ActiveCfg = Debug|Any CPU
		{29AB2B43-295F-4D13-B6FF-39DD8B69B73D}.Debug|Any CPU.Build.0 = Debug|Any CPU
		{29AB2B43-295F-4D13-B6FF-39DD8B69B73D}.Debug|x64.ActiveCfg = Debug|Any CPU
		{29AB2B43-295F-4D13-B6FF-39DD8B69B73D}.Debug|x64.Build.0 = Debug|Any CPU
		{29AB2B43-295F-4D13-B6FF-39DD8B69B73D}.Debug|x86.ActiveCfg = Debug|Any CPU
		{29AB2B43-295F-4D13-B6FF-39DD8B69B73D}.Debug|x86.Build.0 = Debug|Any CPU
		{29AB2B43-295F-4D13-B6FF-39DD8B69B73D}.Release|Any CPU.ActiveCfg = Release|Any CPU
		{29AB2B43-295F-4D13-B6FF-39DD8B69B73D}.Release|Any CPU.Build.0 = Release|Any CPU
		{29AB2B43-295F-4D13-B6FF-39DD8B69B73D}.Release|x64.ActiveCfg = Release|Any CPU
		{29AB2B43-295F-4D13-B6FF-39DD8B69B73D}.Release|x64.Build.0 = Release|Any CPU
		{29AB2B43-295F-4D13-B6FF-39DD8B69B73D}.Release|x86.ActiveCfg = Release|Any CPU
		{29AB2B43-295F-4D13-B6FF-39DD8B69B73D}.Release|x86.Build.0 = Release|Any CPU
		{50166919-35DB-4343-B2F5-3505035A78C2}.Debug|Any CPU.ActiveCfg = Debug|Any CPU
		{50166919-35DB-4343-B2F5-3505035A78C2}.Debug|Any CPU.Build.0 = Debug|Any CPU
		{50166919-35DB-4343-B2F5-3505035A78C2}.Debug|x64.ActiveCfg = Debug|Any CPU
		{50166919-35DB-4343-B2F5-3505035A78C2}.Debug|x64.Build.0 = Debug|Any CPU
		{50166919-35DB-4343-B2F5-3505035A78C2}.Debug|x86.ActiveCfg = Debug|Any CPU
		{50166919-35DB-4343-B2F5-3505035A78C2}.Debug|x86.Build.0 = Debug|Any CPU
		{50166919-35DB-4343-B2F5-3505035A78C2}.Release|Any CPU.ActiveCfg = Release|Any CPU
		{50166919-35DB-4343-B2F5-3505035A78C2}.Release|Any CPU.Build.0 = Release|Any CPU
		{50166919-35DB-4343-B2F5-3505035A78C2}.Release|x64.ActiveCfg = Release|Any CPU
		{50166919-35DB-4343-B2F5-3505035A78C2}.Release|x64.Build.0 = Release|Any CPU
		{50166919-35DB-4343-B2F5-3505035A78C2}.Release|x86.ActiveCfg = Release|Any CPU
		{50166919-35DB-4343-B2F5-3505035A78C2}.Release|x86.Build.0 = Release|Any CPU
		{83DF6224-0694-4A6B-A6EF-BABD7A8ADBA4}.Debug|Any CPU.ActiveCfg = Debug|Any CPU
		{83DF6224-0694-4A6B-A6EF-BABD7A8ADBA4}.Debug|Any CPU.Build.0 = Debug|Any CPU
		{83DF6224-0694-4A6B-A6EF-BABD7A8ADBA4}.Debug|x64.ActiveCfg = Debug|Any CPU
		{83DF6224-0694-4A6B-A6EF-BABD7A8ADBA4}.Debug|x64.Build.0 = Debug|Any CPU
		{83DF6224-0694-4A6B-A6EF-BABD7A8ADBA4}.Debug|x86.ActiveCfg = Debug|Any CPU
		{83DF6224-0694-4A6B-A6EF-BABD7A8ADBA4}.Debug|x86.Build.0 = Debug|Any CPU
		{83DF6224-0694-4A6B-A6EF-BABD7A8ADBA4}.Release|Any CPU.ActiveCfg = Release|Any CPU
		{83DF6224-0694-4A6B-A6EF-BABD7A8ADBA4}.Release|Any CPU.Build.0 = Release|Any CPU
		{83DF6224-0694-4A6B-A6EF-BABD7A8ADBA4}.Release|x64.ActiveCfg = Release|Any CPU
		{83DF6224-0694-4A6B-A6EF-BABD7A8ADBA4}.Release|x64.Build.0 = Release|Any CPU
		{83DF6224-0694-4A6B-A6EF-BABD7A8ADBA4}.Release|x86.ActiveCfg = Release|Any CPU
		{83DF6224-0694-4A6B-A6EF-BABD7A8ADBA4}.Release|x86.Build.0 = Release|Any CPU
		{4FB062C4-34F9-4FD1-B95F-2B2CF961B811}.Debug|Any CPU.ActiveCfg = Debug|Any CPU
		{4FB062C4-34F9-4FD1-B95F-2B2CF961B811}.Debug|Any CPU.Build.0 = Debug|Any CPU
		{4FB062C4-34F9-4FD1-B95F-2B2CF961B811}.Debug|x64.ActiveCfg = Debug|Any CPU
		{4FB062C4-34F9-4FD1-B95F-2B2CF961B811}.Debug|x64.Build.0 = Debug|Any CPU
		{4FB062C4-34F9-4FD1-B95F-2B2CF961B811}.Debug|x86.ActiveCfg = Debug|Any CPU
		{4FB062C4-34F9-4FD1-B95F-2B2CF961B811}.Debug|x86.Build.0 = Debug|Any CPU
		{4FB062C4-34F9-4FD1-B95F-2B2CF961B811}.Release|Any CPU.ActiveCfg = Release|Any CPU
		{4FB062C4-34F9-4FD1-B95F-2B2CF961B811}.Release|Any CPU.Build.0 = Release|Any CPU
		{4FB062C4-34F9-4FD1-B95F-2B2CF961B811}.Release|x64.ActiveCfg = Release|Any CPU
		{4FB062C4-34F9-4FD1-B95F-2B2CF961B811}.Release|x64.Build.0 = Release|Any CPU
		{4FB062C4-34F9-4FD1-B95F-2B2CF961B811}.Release|x86.ActiveCfg = Release|Any CPU
		{4FB062C4-34F9-4FD1-B95F-2B2CF961B811}.Release|x86.Build.0 = Release|Any CPU
		{54EE9615-1405-4251-B904-ECCD3A585374}.Debug|Any CPU.ActiveCfg = Debug|Any CPU
		{54EE9615-1405-4251-B904-ECCD3A585374}.Debug|Any CPU.Build.0 = Debug|Any CPU
		{54EE9615-1405-4251-B904-ECCD3A585374}.Debug|x64.ActiveCfg = Debug|Any CPU
		{54EE9615-1405-4251-B904-ECCD3A585374}.Debug|x64.Build.0 = Debug|Any CPU
		{54EE9615-1405-4251-B904-ECCD3A585374}.Debug|x86.ActiveCfg = Debug|Any CPU
		{54EE9615-1405-4251-B904-ECCD3A585374}.Debug|x86.Build.0 = Debug|Any CPU
		{54EE9615-1405-4251-B904-ECCD3A585374}.Release|Any CPU.ActiveCfg = Release|Any CPU
		{54EE9615-1405-4251-B904-ECCD3A585374}.Release|Any CPU.Build.0 = Release|Any CPU
		{54EE9615-1405-4251-B904-ECCD3A585374}.Release|x64.ActiveCfg = Release|Any CPU
		{54EE9615-1405-4251-B904-ECCD3A585374}.Release|x64.Build.0 = Release|Any CPU
		{54EE9615-1405-4251-B904-ECCD3A585374}.Release|x86.ActiveCfg = Release|Any CPU
		{54EE9615-1405-4251-B904-ECCD3A585374}.Release|x86.Build.0 = Release|Any CPU
		{805AC486-ADDD-4340-80F2-7ABC84806C4A}.Debug|Any CPU.ActiveCfg = Debug|Any CPU
		{805AC486-ADDD-4340-80F2-7ABC84806C4A}.Debug|Any CPU.Build.0 = Debug|Any CPU
		{805AC486-ADDD-4340-80F2-7ABC84806C4A}.Debug|x64.ActiveCfg = Debug|Any CPU
		{805AC486-ADDD-4340-80F2-7ABC84806C4A}.Debug|x64.Build.0 = Debug|Any CPU
		{805AC486-ADDD-4340-80F2-7ABC84806C4A}.Debug|x86.ActiveCfg = Debug|Any CPU
		{805AC486-ADDD-4340-80F2-7ABC84806C4A}.Debug|x86.Build.0 = Debug|Any CPU
		{805AC486-ADDD-4340-80F2-7ABC84806C4A}.Release|Any CPU.ActiveCfg = Release|Any CPU
		{805AC486-ADDD-4340-80F2-7ABC84806C4A}.Release|Any CPU.Build.0 = Release|Any CPU
		{805AC486-ADDD-4340-80F2-7ABC84806C4A}.Release|x64.ActiveCfg = Release|Any CPU
		{805AC486-ADDD-4340-80F2-7ABC84806C4A}.Release|x64.Build.0 = Release|Any CPU
		{805AC486-ADDD-4340-80F2-7ABC84806C4A}.Release|x86.ActiveCfg = Release|Any CPU
		{805AC486-ADDD-4340-80F2-7ABC84806C4A}.Release|x86.Build.0 = Release|Any CPU
		{5966FA5D-180B-4BDD-AECC-C9509C3ABED6}.Debug|Any CPU.ActiveCfg = Debug|Any CPU
		{5966FA5D-180B-4BDD-AECC-C9509C3ABED6}.Debug|Any CPU.Build.0 = Debug|Any CPU
		{5966FA5D-180B-4BDD-AECC-C9509C3ABED6}.Debug|x64.ActiveCfg = Debug|Any CPU
		{5966FA5D-180B-4BDD-AECC-C9509C3ABED6}.Debug|x64.Build.0 = Debug|Any CPU
		{5966FA5D-180B-4BDD-AECC-C9509C3ABED6}.Debug|x86.ActiveCfg = Debug|Any CPU
		{5966FA5D-180B-4BDD-AECC-C9509C3ABED6}.Debug|x86.Build.0 = Debug|Any CPU
		{5966FA5D-180B-4BDD-AECC-C9509C3ABED6}.Release|Any CPU.ActiveCfg = Release|Any CPU
		{5966FA5D-180B-4BDD-AECC-C9509C3ABED6}.Release|Any CPU.Build.0 = Release|Any CPU
		{5966FA5D-180B-4BDD-AECC-C9509C3ABED6}.Release|x64.ActiveCfg = Release|Any CPU
		{5966FA5D-180B-4BDD-AECC-C9509C3ABED6}.Release|x64.Build.0 = Release|Any CPU
		{5966FA5D-180B-4BDD-AECC-C9509C3ABED6}.Release|x86.ActiveCfg = Release|Any CPU
		{5966FA5D-180B-4BDD-AECC-C9509C3ABED6}.Release|x86.Build.0 = Release|Any CPU
		{90A4E1FC-38E6-480D-9282-0C40F02A1A1D}.Debug|Any CPU.ActiveCfg = Debug|Any CPU
		{90A4E1FC-38E6-480D-9282-0C40F02A1A1D}.Debug|Any CPU.Build.0 = Debug|Any CPU
		{90A4E1FC-38E6-480D-9282-0C40F02A1A1D}.Debug|x64.ActiveCfg = Debug|Any CPU
		{90A4E1FC-38E6-480D-9282-0C40F02A1A1D}.Debug|x64.Build.0 = Debug|Any CPU
		{90A4E1FC-38E6-480D-9282-0C40F02A1A1D}.Debug|x86.ActiveCfg = Debug|Any CPU
		{90A4E1FC-38E6-480D-9282-0C40F02A1A1D}.Debug|x86.Build.0 = Debug|Any CPU
		{90A4E1FC-38E6-480D-9282-0C40F02A1A1D}.Release|Any CPU.ActiveCfg = Release|Any CPU
		{90A4E1FC-38E6-480D-9282-0C40F02A1A1D}.Release|Any CPU.Build.0 = Release|Any CPU
		{90A4E1FC-38E6-480D-9282-0C40F02A1A1D}.Release|x64.ActiveCfg = Release|Any CPU
		{90A4E1FC-38E6-480D-9282-0C40F02A1A1D}.Release|x64.Build.0 = Release|Any CPU
		{90A4E1FC-38E6-480D-9282-0C40F02A1A1D}.Release|x86.ActiveCfg = Release|Any CPU
		{90A4E1FC-38E6-480D-9282-0C40F02A1A1D}.Release|x86.Build.0 = Release|Any CPU
		{D0B4262A-7B93-4F34-A457-054688AA30A6}.Debug|Any CPU.ActiveCfg = Debug|Any CPU
		{D0B4262A-7B93-4F34-A457-054688AA30A6}.Debug|Any CPU.Build.0 = Debug|Any CPU
		{D0B4262A-7B93-4F34-A457-054688AA30A6}.Debug|x64.ActiveCfg = Debug|Any CPU
		{D0B4262A-7B93-4F34-A457-054688AA30A6}.Debug|x64.Build.0 = Debug|Any CPU
		{D0B4262A-7B93-4F34-A457-054688AA30A6}.Debug|x86.ActiveCfg = Debug|Any CPU
		{D0B4262A-7B93-4F34-A457-054688AA30A6}.Debug|x86.Build.0 = Debug|Any CPU
		{D0B4262A-7B93-4F34-A457-054688AA30A6}.Release|Any CPU.ActiveCfg = Release|Any CPU
		{D0B4262A-7B93-4F34-A457-054688AA30A6}.Release|Any CPU.Build.0 = Release|Any CPU
		{D0B4262A-7B93-4F34-A457-054688AA30A6}.Release|x64.ActiveCfg = Release|Any CPU
		{D0B4262A-7B93-4F34-A457-054688AA30A6}.Release|x64.Build.0 = Release|Any CPU
		{D0B4262A-7B93-4F34-A457-054688AA30A6}.Release|x86.ActiveCfg = Release|Any CPU
		{D0B4262A-7B93-4F34-A457-054688AA30A6}.Release|x86.Build.0 = Release|Any CPU
		{F355A115-D6B5-404F-96F7-FE15FD188DAD}.Debug|Any CPU.ActiveCfg = Debug|Any CPU
		{F355A115-D6B5-404F-96F7-FE15FD188DAD}.Debug|Any CPU.Build.0 = Debug|Any CPU
		{F355A115-D6B5-404F-96F7-FE15FD188DAD}.Debug|x64.ActiveCfg = Debug|Any CPU
		{F355A115-D6B5-404F-96F7-FE15FD188DAD}.Debug|x64.Build.0 = Debug|Any CPU
		{F355A115-D6B5-404F-96F7-FE15FD188DAD}.Debug|x86.ActiveCfg = Debug|Any CPU
		{F355A115-D6B5-404F-96F7-FE15FD188DAD}.Debug|x86.Build.0 = Debug|Any CPU
		{F355A115-D6B5-404F-96F7-FE15FD188DAD}.Release|Any CPU.ActiveCfg = Release|Any CPU
		{F355A115-D6B5-404F-96F7-FE15FD188DAD}.Release|Any CPU.Build.0 = Release|Any CPU
		{F355A115-D6B5-404F-96F7-FE15FD188DAD}.Release|x64.ActiveCfg = Release|Any CPU
		{F355A115-D6B5-404F-96F7-FE15FD188DAD}.Release|x64.Build.0 = Release|Any CPU
		{F355A115-D6B5-404F-96F7-FE15FD188DAD}.Release|x86.ActiveCfg = Release|Any CPU
		{F355A115-D6B5-404F-96F7-FE15FD188DAD}.Release|x86.Build.0 = Release|Any CPU
		{8E717B48-164C-4CFC-80BD-38D02FD55EB1}.Debug|Any CPU.ActiveCfg = Debug|Any CPU
		{8E717B48-164C-4CFC-80BD-38D02FD55EB1}.Debug|Any CPU.Build.0 = Debug|Any CPU
		{8E717B48-164C-4CFC-80BD-38D02FD55EB1}.Debug|x64.ActiveCfg = Debug|Any CPU
		{8E717B48-164C-4CFC-80BD-38D02FD55EB1}.Debug|x64.Build.0 = Debug|Any CPU
		{8E717B48-164C-4CFC-80BD-38D02FD55EB1}.Debug|x86.ActiveCfg = Debug|Any CPU
		{8E717B48-164C-4CFC-80BD-38D02FD55EB1}.Debug|x86.Build.0 = Debug|Any CPU
		{8E717B48-164C-4CFC-80BD-38D02FD55EB1}.Release|Any CPU.ActiveCfg = Release|Any CPU
		{8E717B48-164C-4CFC-80BD-38D02FD55EB1}.Release|Any CPU.Build.0 = Release|Any CPU
		{8E717B48-164C-4CFC-80BD-38D02FD55EB1}.Release|x64.ActiveCfg = Release|Any CPU
		{8E717B48-164C-4CFC-80BD-38D02FD55EB1}.Release|x64.Build.0 = Release|Any CPU
		{8E717B48-164C-4CFC-80BD-38D02FD55EB1}.Release|x86.ActiveCfg = Release|Any CPU
		{8E717B48-164C-4CFC-80BD-38D02FD55EB1}.Release|x86.Build.0 = Release|Any CPU
	EndGlobalSection
	GlobalSection(NestedProjects) = preSolution
		{CB0C7763-D91A-4CC3-A4EE-339F3B7E93B8} = {06DD99FF-BA59-48A2-AA58-E9E226E82BEB}
		{C066A2E8-FCEF-411A-94F2-65BF44CE30D2} = {06DD99FF-BA59-48A2-AA58-E9E226E82BEB}
		{1D47F703-57C9-4B97-B5BC-D42333D8ECFE} = {06DD99FF-BA59-48A2-AA58-E9E226E82BEB}
		{29AB2B43-295F-4D13-B6FF-39DD8B69B73D} = {06DD99FF-BA59-48A2-AA58-E9E226E82BEB}
		{50166919-35DB-4343-B2F5-3505035A78C2} = {06DD99FF-BA59-48A2-AA58-E9E226E82BEB}
		{83DF6224-0694-4A6B-A6EF-BABD7A8ADBA4} = {06DD99FF-BA59-48A2-AA58-E9E226E82BEB}
		{4FB062C4-34F9-4FD1-B95F-2B2CF961B811} = {06DD99FF-BA59-48A2-AA58-E9E226E82BEB}
		{54EE9615-1405-4251-B904-ECCD3A585374} = {06DD99FF-BA59-48A2-AA58-E9E226E82BEB}
		{805AC486-ADDD-4340-80F2-7ABC84806C4A} = {06DD99FF-BA59-48A2-AA58-E9E226E82BEB}
		{5966FA5D-180B-4BDD-AECC-C9509C3ABED6} = {06DD99FF-BA59-48A2-AA58-E9E226E82BEB}
		{90A4E1FC-38E6-480D-9282-0C40F02A1A1D} = {06DD99FF-BA59-48A2-AA58-E9E226E82BEB}
		{D0B4262A-7B93-4F34-A457-054688AA30A6} = {43585DA7-86B9-442B-8CC1-2EA6BC91D658}
		{F355A115-D6B5-404F-96F7-FE15FD188DAD} = {43585DA7-86B9-442B-8CC1-2EA6BC91D658}
		{8E717B48-164C-4CFC-80BD-38D02FD55EB1} = {06DD99FF-BA59-48A2-AA58-E9E226E82BEB}
	EndGlobalSection
EndGlobal
